
Microsoft Visual Studio Solution File, Format Version 12.00
# Visual Studio Version 17
VisualStudioVersion = 17.12.35514.174
MinimumVisualStudioVersion = 10.0.40219.1
Project("{2150E333-8FDC-42A3-9474-1A3956D46DE8}") = "src", "src", "{E79667E9-4DCB-48D8-A044-02ABFFDE1BBD}"
EndProject
Project("{2150E333-8FDC-42A3-9474-1A3956D46DE8}") = "test", "test", "{8ED188B1-BD30-4CA4-AC28-74A611209361}"
EndProject
Project("{FAE04EC0-301F-11D3-BF4B-00C04F79EFBC}") = "TradeX.Domain", "TradeX.Domain\TradeX.Domain.csproj", "{47DE985B-62C8-47E5-ABEF-D352DA1D72A8}"
EndProject
Project("{FAE04EC0-301F-11D3-BF4B-00C04F79EFBC}") = "UnitTests", "UnitTests\UnitTests.csproj", "{A496ECA9-5851-4DED-B78C-70B7FA498A4D}"
EndProject
Project("{FAE04EC0-301F-11D3-BF4B-00C04F79EFBC}") = "TradeX.Application", "TradeX.Application\TradeX.Application.csproj", "{6B98A726-AC11-475D-8946-541E0F855DC2}"
EndProject
Project("{FAE04EC0-301F-11D3-BF4B-00C04F79EFBC}") = "TradeX.Infrastructure", "TradeX.Infrastructure\TradeX.Infrastructure.csproj", "{74FE42C6-B862-4D46-BAB6-76EE4396BEA1}"
EndProject
Project("{FAE04EC0-301F-11D3-BF4B-00C04F79EFBC}") = "TradeX.Api", "TradeX.Api\TradeX.Api.csproj", "{AFFB5D3C-2467-4B69-902D-AD06025CF368}"
EndProject
Global
	GlobalSection(SolutionConfigurationPlatforms) = preSolution
		Debug|Any CPU = Debug|Any CPU
		Release|Any CPU = Release|Any CPU
	EndGlobalSection
	GlobalSection(ProjectConfigurationPlatforms) = postSolution
		{47DE985B-62C8-47E5-ABEF-D352DA1D72A8}.Debug|Any CPU.ActiveCfg = Debug|Any CPU
		{47DE985B-62C8-47E5-ABEF-D352DA1D72A8}.Debug|Any CPU.Build.0 = Debug|Any CPU
		{47DE985B-62C8-47E5-ABEF-D352DA1D72A8}.Release|Any CPU.ActiveCfg = Release|Any CPU
		{47DE985B-62C8-47E5-ABEF-D352DA1D72A8}.Release|Any CPU.Build.0 = Release|Any CPU
		{A496ECA9-5851-4DED-B78C-70B7FA498A4D}.Debug|Any CPU.ActiveCfg = Debug|Any CPU
		{A496ECA9-5851-4DED-B78C-70B7FA498A4D}.Debug|Any CPU.Build.0 = Debug|Any CPU
		{A496ECA9-5851-4DED-B78C-70B7FA498A4D}.Release|Any CPU.ActiveCfg = Release|Any CPU
		{A496ECA9-5851-4DED-B78C-70B7FA498A4D}.Release|Any CPU.Build.0 = Release|Any CPU
		{6B98A726-AC11-475D-8946-541E0F855DC2}.Debug|Any CPU.ActiveCfg = Debug|Any CPU
		{6B98A726-AC11-475D-8946-541E0F855DC2}.Debug|Any CPU.Build.0 = Debug|Any CPU
		{6B98A726-AC11-475D-8946-541E0F855DC2}.Release|Any CPU.ActiveCfg = Release|Any CPU
		{6B98A726-AC11-475D-8946-541E0F855DC2}.Release|Any CPU.Build.0 = Release|Any CPU
		{74FE42C6-B862-4D46-BAB6-76EE4396BEA1}.Debug|Any CPU.ActiveCfg = Debug|Any CPU
		{74FE42C6-B862-4D46-BAB6-76EE4396BEA1}.Debug|Any CPU.Build.0 = Debug|Any CPU
		{74FE42C6-B862-4D46-BAB6-76EE4396BEA1}.Release|Any CPU.ActiveCfg = Release|Any CPU
		{74FE42C6-B862-4D46-BAB6-76EE4396BEA1}.Release|Any CPU.Build.0 = Release|Any CPU
		{AFFB5D3C-2467-4B69-902D-AD06025CF368}.Debug|Any CPU.ActiveCfg = Debug|Any CPU
		{AFFB5D3C-2467-4B69-902D-AD06025CF368}.Debug|Any CPU.Build.0 = Debug|Any CPU
		{AFFB5D3C-2467-4B69-902D-AD06025CF368}.Release|Any CPU.ActiveCfg = Release|Any CPU
		{AFFB5D3C-2467-4B69-902D-AD06025CF368}.Release|Any CPU.Build.0 = Release|Any CPU
	EndGlobalSection
	GlobalSection(SolutionProperties) = preSolution
		HideSolutionNode = FALSE
	EndGlobalSection
	GlobalSection(NestedProjects) = preSolution
		{47DE985B-62C8-47E5-ABEF-D352DA1D72A8} = {E79667E9-4DCB-48D8-A044-02ABFFDE1BBD}
		{A496ECA9-5851-4DED-B78C-70B7FA498A4D} = {8ED188B1-BD30-4CA4-AC28-74A611209361}
		{6B98A726-AC11-475D-8946-541E0F855DC2} = {E79667E9-4DCB-48D8-A044-02ABFFDE1BBD}
		{74FE42C6-B862-4D46-BAB6-76EE4396BEA1} = {E79667E9-4DCB-48D8-A044-02ABFFDE1BBD}
		{AFFB5D3C-2467-4B69-902D-AD06025CF368} = {E79667E9-4DCB-48D8-A044-02ABFFDE1BBD}
	EndGlobalSection
EndGlobal
