
Microsoft Visual Studio Solution File, Format Version 12.00
# Visual Studio Version 17
VisualStudioVersion = 17.12.35514.174
MinimumVisualStudioVersion = 10.0.40219.1
Project("{2150E333-8FDC-42A3-9474-1A3956D46DE8}") = "src", "src", "{E79667E9-4DCB-48D8-A044-02ABFFDE1BBD}"
EndProject
Project("{2150E333-8FDC-42A3-9474-1A3956D46DE8}") = "test", "test", "{8ED188B1-BD30-4CA4-AC28-74A611209361}"
EndProject
Project("{FAE04EC0-301F-11D3-BF4B-00C04F79EFBC}") = "TradeX.Api", "src\TradeX.Api\TradeX.Api.csproj", "{D27BFE4C-2DE8-4F50-A966-D0E1191C6797}"
EndProject
Project("{FAE04EC0-301F-11D3-BF4B-00C04F79EFBC}") = "TradeX.Application", "src\TradeX.Application\TradeX.Application.csproj", "{0FA31185-ABA4-41C0-B7BE-A6F91B0D1B1B}"
EndProject
Project("{FAE04EC0-301F-11D3-BF4B-00C04F79EFBC}") = "TradeX.Domain", "src\TradeX.Domain\TradeX.Domain.csproj", "{1024306F-46D4-4296-8169-D7DACFCE7D56}"
EndProject
Project("{FAE04EC0-301F-11D3-BF4B-00C04F79EFBC}") = "TradeX.Infrastructure", "src\TradeX.Infrastructure\TradeX.Infrastructure.csproj", "{DC311342-DF01-4352-8F23-8E93A557FA90}"
EndProject
Project("{FAE04EC0-301F-11D3-BF4B-00C04F79EFBC}") = "UnitTests", "test\UnitTests\UnitTests.csproj", "{DA378CC8-10FE-411B-B69C-7D8CC71D7A46}"
EndProject
Project("{FAE04EC0-301F-11D3-BF4B-00C04F79EFBC}") = "IntegrationTests", "test\IntegrationTests\IntegrationTests.csproj", "{3034D618-CEFC-42CF-8462-FE03D731C070}"
EndProject
Global
	GlobalSection(SolutionConfigurationPlatforms) = preSolution
		Debug|Any CPU = Debug|Any CPU
		Release|Any CPU = Release|Any CPU
	EndGlobalSection
	GlobalSection(ProjectConfigurationPlatforms) = postSolution
		{D27BFE4C-2DE8-4F50-A966-D0E1191C6797}.Debug|Any CPU.ActiveCfg = Debug|Any CPU
		{D27BFE4C-2DE8-4F50-A966-D0E1191C6797}.Debug|Any CPU.Build.0 = Debug|Any CPU
		{D27BFE4C-2DE8-4F50-A966-D0E1191C6797}.Release|Any CPU.ActiveCfg = Release|Any CPU
		{D27BFE4C-2DE8-4F50-A966-D0E1191C6797}.Release|Any CPU.Build.0 = Release|Any CPU
		{0FA31185-ABA4-41C0-B7BE-A6F91B0D1B1B}.Debug|Any CPU.ActiveCfg = Debug|Any CPU
		{0FA31185-ABA4-41C0-B7BE-A6F91B0D1B1B}.Debug|Any CPU.Build.0 = Debug|Any CPU
		{0FA31185-ABA4-41C0-B7BE-A6F91B0D1B1B}.Release|Any CPU.ActiveCfg = Release|Any CPU
		{0FA31185-ABA4-41C0-B7BE-A6F91B0D1B1B}.Release|Any CPU.Build.0 = Release|Any CPU
		{1024306F-46D4-4296-8169-D7DACFCE7D56}.Debug|Any CPU.ActiveCfg = Debug|Any CPU
		{1024306F-46D4-4296-8169-D7DACFCE7D56}.Debug|Any CPU.Build.0 = Debug|Any CPU
		{1024306F-46D4-4296-8169-D7DACFCE7D56}.Release|Any CPU.ActiveCfg = Release|Any CPU
		{1024306F-46D4-4296-8169-D7DACFCE7D56}.Release|Any CPU.Build.0 = Release|Any CPU
		{DC311342-DF01-4352-8F23-8E93A557FA90}.Debug|Any CPU.ActiveCfg = Debug|Any CPU
		{DC311342-DF01-4352-8F23-8E93A557FA90}.Debug|Any CPU.Build.0 = Debug|Any CPU
		{DC311342-DF01-4352-8F23-8E93A557FA90}.Release|Any CPU.ActiveCfg = Release|Any CPU
		{DC311342-DF01-4352-8F23-8E93A557FA90}.Release|Any CPU.Build.0 = Release|Any CPU
		{DA378CC8-10FE-411B-B69C-7D8CC71D7A46}.Debug|Any CPU.ActiveCfg = Debug|Any CPU
		{DA378CC8-10FE-411B-B69C-7D8CC71D7A46}.Debug|Any CPU.Build.0 = Debug|Any CPU
		{DA378CC8-10FE-411B-B69C-7D8CC71D7A46}.Release|Any CPU.ActiveCfg = Release|Any CPU
		{DA378CC8-10FE-411B-B69C-7D8CC71D7A46}.Release|Any CPU.Build.0 = Release|Any CPU
		{3034D618-CEFC-42CF-8462-FE03D731C070}.Debug|Any CPU.ActiveCfg = Debug|Any CPU
		{3034D618-CEFC-42CF-8462-FE03D731C070}.Debug|Any CPU.Build.0 = Debug|Any CPU
		{3034D618-CEFC-42CF-8462-FE03D731C070}.Release|Any CPU.ActiveCfg = Release|Any CPU
		{3034D618-CEFC-42CF-8462-FE03D731C070}.Release|Any CPU.Build.0 = Release|Any CPU
	EndGlobalSection
	GlobalSection(SolutionProperties) = preSolution
		HideSolutionNode = FALSE
	EndGlobalSection
	GlobalSection(NestedProjects) = preSolution
		{D27BFE4C-2DE8-4F50-A966-D0E1191C6797} = {E79667E9-4DCB-48D8-A044-02ABFFDE1BBD}
		{0FA31185-ABA4-41C0-B7BE-A6F91B0D1B1B} = {E79667E9-4DCB-48D8-A044-02ABFFDE1BBD}
		{1024306F-46D4-4296-8169-D7DACFCE7D56} = {E79667E9-4DCB-48D8-A044-02ABFFDE1BBD}
		{DC311342-DF01-4352-8F23-8E93A557FA90} = {E79667E9-4DCB-48D8-A044-02ABFFDE1BBD}
		{DA378CC8-10FE-411B-B69C-7D8CC71D7A46} = {8ED188B1-BD30-4CA4-AC28-74A611209361}
		{3034D618-CEFC-42CF-8462-FE03D731C070} = {8ED188B1-BD30-4CA4-AC28-74A611209361}
	EndGlobalSection
EndGlobal
